{
  "lockfileVersion": 1,
  "workspaces": {
    "": {
      "name": "basemaps-flavors",
      "dependencies": {
        "@protomaps/basemaps": "5.3.0",
        "maplibre-gl": "5.4.0",
        "solid-js": "1.9.5",
      },
      "devDependencies": {
        "typescript": "5.8.3",
        "vite": "6.3.3",
        "vite-plugin-solid": "2.11.6",
      },
    },
  },
  "packages": {
    "@ampproject/remapping": ["@ampproject/remapping@2.3.0", "", { "dependencies": { "@jridgewell/gen-mapping": "^0.3.5", "@jridgewell/trace-mapping": "^0.3.24" } }, "sha512-30iZtAPgz+LTIYoeivqYo853f02jBYSd5uGnGpkFV0M3xOt9aN73erkgYAmZU43x4VfqcnLxW9Kpg3R5LC4YYw=="],

    "@babel/code-frame": ["@babel/code-frame@7.26.2", "", { "dependencies": { "@babel/helper-validator-identifier": "^7.25.9", "js-tokens": "^4.0.0", "picocolors": "^1.0.0" } }, "sha512-RJlIHRueQgwWitWgF8OdFYGZX328Ax5BCemNGlqHfplnRT9ESi8JkFlvaVYbS+UubVY6dpv87Fs2u5M29iNFVQ=="],

    "@babel/compat-data": ["@babel/compat-data@7.26.2", "", {}, "sha512-Z0WgzSEa+aUcdiJuCIqgujCshpMWgUpgOxXotrYPSA53hA3qopNaqcJpyr0hVb1FeWdnqFA35/fUtXgBK8srQg=="],

    "@babel/core": ["@babel/core@7.26.0", "", { "dependencies": { "@ampproject/remapping": "^2.2.0", "@babel/code-frame": "^7.26.0", "@babel/generator": "^7.26.0", "@babel/helper-compilation-targets": "^7.25.9", "@babel/helper-module-transforms": "^7.26.0", "@babel/helpers": "^7.26.0", "@babel/parser": "^7.26.0", "@babel/template": "^7.25.9", "@babel/traverse": "^7.25.9", "@babel/types": "^7.26.0", "convert-source-map": "^2.0.0", "debug": "^4.1.0", "gensync": "^1.0.0-beta.2", "json5": "^2.2.3", "semver": "^6.3.1" } }, "sha512-i1SLeK+DzNnQ3LL/CswPCa/E5u4lh1k6IAEphON8F+cXt0t9euTshDru0q7/IqMa1PMPz5RnHuHscF8/ZJsStg=="],

    "@babel/generator": ["@babel/generator@7.26.2", "", { "dependencies": { "@babel/parser": "^7.26.2", "@babel/types": "^7.26.0", "@jridgewell/gen-mapping": "^0.3.5", "@jridgewell/trace-mapping": "^0.3.25", "jsesc": "^3.0.2" } }, "sha512-zevQbhbau95nkoxSq3f/DC/SC+EEOUZd3DYqfSkMhY2/wfSeaHV1Ew4vk8e+x8lja31IbyuUa2uQ3JONqKbysw=="],

    "@babel/helper-compilation-targets": ["@babel/helper-compilation-targets@7.25.9", "", { "dependencies": { "@babel/compat-data": "^7.25.9", "@babel/helper-validator-option": "^7.25.9", "browserslist": "^4.24.0", "lru-cache": "^5.1.1", "semver": "^6.3.1" } }, "sha512-j9Db8Suy6yV/VHa4qzrj9yZfZxhLWQdVnRlXxmKLYlhWUVB1sB2G5sxuWYXk/whHD9iW76PmNzxZ4UCnTQTVEQ=="],

    "@babel/helper-module-imports": ["@babel/helper-module-imports@7.25.9", "", { "dependencies": { "@babel/traverse": "^7.25.9", "@babel/types": "^7.25.9" } }, "sha512-tnUA4RsrmflIM6W6RFTLFSXITtl0wKjgpnLgXyowocVPrbYrLUXSBXDgTs8BlbmIzIdlBySRQjINYs2BAkiLtw=="],

    "@babel/helper-module-transforms": ["@babel/helper-module-transforms@7.26.0", "", { "dependencies": { "@babel/helper-module-imports": "^7.25.9", "@babel/helper-validator-identifier": "^7.25.9", "@babel/traverse": "^7.25.9" }, "peerDependencies": { "@babel/core": "^7.0.0" } }, "sha512-xO+xu6B5K2czEnQye6BHA7DolFFmS3LB7stHZFaOLb1pAwO1HWLS8fXA+eh0A2yIvltPVmx3eNNDBJA2SLHXFw=="],

    "@babel/helper-plugin-utils": ["@babel/helper-plugin-utils@7.25.9", "", {}, "sha512-kSMlyUVdWe25rEsRGviIgOWnoT/nfABVWlqt9N19/dIPWViAOW2s9wznP5tURbs/IDuNk4gPy3YdYRgH3uxhBw=="],

    "@babel/helper-string-parser": ["@babel/helper-string-parser@7.25.9", "", {}, "sha512-4A/SCr/2KLd5jrtOMFzaKjVtAei3+2r/NChoBNoZ3EyP/+GlhoaEGoWOZUmFmoITP7zOJyHIMm+DYRd8o3PvHA=="],

    "@babel/helper-validator-identifier": ["@babel/helper-validator-identifier@7.25.9", "", {}, "sha512-Ed61U6XJc3CVRfkERJWDz4dJwKe7iLmmJsbOGu9wSloNSFttHV0I8g6UAgb7qnK5ly5bGLPd4oXZlxCdANBOWQ=="],

    "@babel/helper-validator-option": ["@babel/helper-validator-option@7.25.9", "", {}, "sha512-e/zv1co8pp55dNdEcCynfj9X7nyUKUXoUEwfXqaZt0omVOmDe9oOTdKStH4GmAw6zxMFs50ZayuMfHDKlO7Tfw=="],

    "@babel/helpers": ["@babel/helpers@7.26.0", "", { "dependencies": { "@babel/template": "^7.25.9", "@babel/types": "^7.26.0" } }, "sha512-tbhNuIxNcVb21pInl3ZSjksLCvgdZy9KwJ8brv993QtIVKJBBkYXz4q4ZbAv31GdnC+R90np23L5FbEBlthAEw=="],

    "@babel/parser": ["@babel/parser@7.26.2", "", { "dependencies": { "@babel/types": "^7.26.0" }, "bin": { "parser": "bin/babel-parser.js" } }, "sha512-DWMCZH9WA4Maitz2q21SRKHo9QXZxkDsbNZoVD62gusNtNBBqDg9i7uOhASfTfIGNzW+O+r7+jAlM8dwphcJKQ=="],

    "@babel/plugin-syntax-jsx": ["@babel/plugin-syntax-jsx@7.25.9", "", { "dependencies": { "@babel/helper-plugin-utils": "^7.25.9" }, "peerDependencies": { "@babel/core": "^7.0.0-0" } }, "sha512-ld6oezHQMZsZfp6pWtbjaNDF2tiiCYYDqQszHt5VV437lewP9aSi2Of99CK0D0XB21k7FLgnLcmQKyKzynfeAA=="],

    "@babel/template": ["@babel/template@7.25.9", "", { "dependencies": { "@babel/code-frame": "^7.25.9", "@babel/parser": "^7.25.9", "@babel/types": "^7.25.9" } }, "sha512-9DGttpmPvIxBb/2uwpVo3dqJ+O6RooAFOS+lB+xDqoE2PVCE8nfoHMdZLpfCQRLwvohzXISPZcgxt80xLfsuwg=="],

    "@babel/traverse": ["@babel/traverse@7.25.9", "", { "dependencies": { "@babel/code-frame": "^7.25.9", "@babel/generator": "^7.25.9", "@babel/parser": "^7.25.9", "@babel/template": "^7.25.9", "@babel/types": "^7.25.9", "debug": "^4.3.1", "globals": "^11.1.0" } }, "sha512-ZCuvfwOwlz/bawvAuvcj8rrithP2/N55Tzz342AkTvq4qaWbGfmCk/tKhNaV2cthijKrPAA8SRJV5WWe7IBMJw=="],

    "@babel/types": ["@babel/types@7.26.0", "", { "dependencies": { "@babel/helper-string-parser": "^7.25.9", "@babel/helper-validator-identifier": "^7.25.9" } }, "sha512-Z/yiTPj+lDVnF7lWeKCIJzaIkI0vYO87dMpZ4bg4TDrFe4XXLFWL1TbXU27gBP3QccxV9mZICCrnjnYlJjXHOA=="],

    "@esbuild/aix-ppc64": ["@esbuild/aix-ppc64@0.25.3", "", { "os": "aix", "cpu": "ppc64" }, "sha512-W8bFfPA8DowP8l//sxjJLSLkD8iEjMc7cBVyP+u4cEv9sM7mdUCkgsj+t0n/BWPFtv7WWCN5Yzj0N6FJNUUqBQ=="],

    "@esbuild/android-arm": ["@esbuild/android-arm@0.25.3", "", { "os": "android", "cpu": "arm" }, "sha512-PuwVXbnP87Tcff5I9ngV0lmiSu40xw1At6i3GsU77U7cjDDB4s0X2cyFuBiDa1SBk9DnvWwnGvVaGBqoFWPb7A=="],

    "@esbuild/android-arm64": ["@esbuild/android-arm64@0.25.3", "", { "os": "android", "cpu": "arm64" }, "sha512-XelR6MzjlZuBM4f5z2IQHK6LkK34Cvv6Rj2EntER3lwCBFdg6h2lKbtRjpTTsdEjD/WSe1q8UyPBXP1x3i/wYQ=="],

    "@esbuild/android-x64": ["@esbuild/android-x64@0.25.3", "", { "os": "android", "cpu": "x64" }, "sha512-ogtTpYHT/g1GWS/zKM0cc/tIebFjm1F9Aw1boQ2Y0eUQ+J89d0jFY//s9ei9jVIlkYi8AfOjiixcLJSGNSOAdQ=="],

    "@esbuild/darwin-arm64": ["@esbuild/darwin-arm64@0.25.3", "", { "os": "darwin", "cpu": "arm64" }, "sha512-eESK5yfPNTqpAmDfFWNsOhmIOaQA59tAcF/EfYvo5/QWQCzXn5iUSOnqt3ra3UdzBv073ykTtmeLJZGt3HhA+w=="],

    "@esbuild/darwin-x64": ["@esbuild/darwin-x64@0.25.3", "", { "os": "darwin", "cpu": "x64" }, "sha512-Kd8glo7sIZtwOLcPbW0yLpKmBNWMANZhrC1r6K++uDR2zyzb6AeOYtI6udbtabmQpFaxJ8uduXMAo1gs5ozz8A=="],

    "@esbuild/freebsd-arm64": ["@esbuild/freebsd-arm64@0.25.3", "", { "os": "freebsd", "cpu": "arm64" }, "sha512-EJiyS70BYybOBpJth3M0KLOus0n+RRMKTYzhYhFeMwp7e/RaajXvP+BWlmEXNk6uk+KAu46j/kaQzr6au+JcIw=="],

    "@esbuild/freebsd-x64": ["@esbuild/freebsd-x64@0.25.3", "", { "os": "freebsd", "cpu": "x64" }, "sha512-Q+wSjaLpGxYf7zC0kL0nDlhsfuFkoN+EXrx2KSB33RhinWzejOd6AvgmP5JbkgXKmjhmpfgKZq24pneodYqE8Q=="],

    "@esbuild/linux-arm": ["@esbuild/linux-arm@0.25.3", "", { "os": "linux", "cpu": "arm" }, "sha512-dUOVmAUzuHy2ZOKIHIKHCm58HKzFqd+puLaS424h6I85GlSDRZIA5ycBixb3mFgM0Jdh+ZOSB6KptX30DD8YOQ=="],

    "@esbuild/linux-arm64": ["@esbuild/linux-arm64@0.25.3", "", { "os": "linux", "cpu": "arm64" }, "sha512-xCUgnNYhRD5bb1C1nqrDV1PfkwgbswTTBRbAd8aH5PhYzikdf/ddtsYyMXFfGSsb/6t6QaPSzxtbfAZr9uox4A=="],

    "@esbuild/linux-ia32": ["@esbuild/linux-ia32@0.25.3", "", { "os": "linux", "cpu": "ia32" }, "sha512-yplPOpczHOO4jTYKmuYuANI3WhvIPSVANGcNUeMlxH4twz/TeXuzEP41tGKNGWJjuMhotpGabeFYGAOU2ummBw=="],

    "@esbuild/linux-loong64": ["@esbuild/linux-loong64@0.25.3", "", { "os": "linux", "cpu": "none" }, "sha512-P4BLP5/fjyihmXCELRGrLd793q/lBtKMQl8ARGpDxgzgIKJDRJ/u4r1A/HgpBpKpKZelGct2PGI4T+axcedf6g=="],

    "@esbuild/linux-mips64el": ["@esbuild/linux-mips64el@0.25.3", "", { "os": "linux", "cpu": "none" }, "sha512-eRAOV2ODpu6P5divMEMa26RRqb2yUoYsuQQOuFUexUoQndm4MdpXXDBbUoKIc0iPa4aCO7gIhtnYomkn2x+bag=="],

    "@esbuild/linux-ppc64": ["@esbuild/linux-ppc64@0.25.3", "", { "os": "linux", "cpu": "ppc64" }, "sha512-ZC4jV2p7VbzTlnl8nZKLcBkfzIf4Yad1SJM4ZMKYnJqZFD4rTI+pBG65u8ev4jk3/MPwY9DvGn50wi3uhdaghg=="],

    "@esbuild/linux-riscv64": ["@esbuild/linux-riscv64@0.25.3", "", { "os": "linux", "cpu": "none" }, "sha512-LDDODcFzNtECTrUUbVCs6j9/bDVqy7DDRsuIXJg6so+mFksgwG7ZVnTruYi5V+z3eE5y+BJZw7VvUadkbfg7QA=="],

    "@esbuild/linux-s390x": ["@esbuild/linux-s390x@0.25.3", "", { "os": "linux", "cpu": "s390x" }, "sha512-s+w/NOY2k0yC2p9SLen+ymflgcpRkvwwa02fqmAwhBRI3SC12uiS10edHHXlVWwfAagYSY5UpmT/zISXPMW3tQ=="],

    "@esbuild/linux-x64": ["@esbuild/linux-x64@0.25.3", "", { "os": "linux", "cpu": "x64" }, "sha512-nQHDz4pXjSDC6UfOE1Fw9Q8d6GCAd9KdvMZpfVGWSJztYCarRgSDfOVBY5xwhQXseiyxapkiSJi/5/ja8mRFFA=="],

    "@esbuild/netbsd-arm64": ["@esbuild/netbsd-arm64@0.25.3", "", { "os": "none", "cpu": "arm64" }, "sha512-1QaLtOWq0mzK6tzzp0jRN3eccmN3hezey7mhLnzC6oNlJoUJz4nym5ZD7mDnS/LZQgkrhEbEiTn515lPeLpgWA=="],

    "@esbuild/netbsd-x64": ["@esbuild/netbsd-x64@0.25.3", "", { "os": "none", "cpu": "x64" }, "sha512-i5Hm68HXHdgv8wkrt+10Bc50zM0/eonPb/a/OFVfB6Qvpiirco5gBA5bz7S2SHuU+Y4LWn/zehzNX14Sp4r27g=="],

    "@esbuild/openbsd-arm64": ["@esbuild/openbsd-arm64@0.25.3", "", { "os": "openbsd", "cpu": "arm64" }, "sha512-zGAVApJEYTbOC6H/3QBr2mq3upG/LBEXr85/pTtKiv2IXcgKV0RT0QA/hSXZqSvLEpXeIxah7LczB4lkiYhTAQ=="],

    "@esbuild/openbsd-x64": ["@esbuild/openbsd-x64@0.25.3", "", { "os": "openbsd", "cpu": "x64" }, "sha512-fpqctI45NnCIDKBH5AXQBsD0NDPbEFczK98hk/aa6HJxbl+UtLkJV2+Bvy5hLSLk3LHmqt0NTkKNso1A9y1a4w=="],

    "@esbuild/sunos-x64": ["@esbuild/sunos-x64@0.25.3", "", { "os": "sunos", "cpu": "x64" }, "sha512-ROJhm7d8bk9dMCUZjkS8fgzsPAZEjtRJqCAmVgB0gMrvG7hfmPmz9k1rwO4jSiblFjYmNvbECL9uhaPzONMfgA=="],

    "@esbuild/win32-arm64": ["@esbuild/win32-arm64@0.25.3", "", { "os": "win32", "cpu": "arm64" }, "sha512-YWcow8peiHpNBiIXHwaswPnAXLsLVygFwCB3A7Bh5jRkIBFWHGmNQ48AlX4xDvQNoMZlPYzjVOQDYEzWCqufMQ=="],

    "@esbuild/win32-ia32": ["@esbuild/win32-ia32@0.25.3", "", { "os": "win32", "cpu": "ia32" }, "sha512-qspTZOIGoXVS4DpNqUYUs9UxVb04khS1Degaw/MnfMe7goQ3lTfQ13Vw4qY/Nj0979BGvMRpAYbs/BAxEvU8ew=="],

    "@esbuild/win32-x64": ["@esbuild/win32-x64@0.25.3", "", { "os": "win32", "cpu": "x64" }, "sha512-ICgUR+kPimx0vvRzf+N/7L7tVSQeE3BYY+NhHRHXS1kBuPO7z2+7ea2HbhDyZdTephgvNvKrlDDKUexuCVBVvg=="],

    "@jridgewell/gen-mapping": ["@jridgewell/gen-mapping@0.3.5", "", { "dependencies": { "@jridgewell/set-array": "^1.2.1", "@jridgewell/sourcemap-codec": "^1.4.10", "@jridgewell/trace-mapping": "^0.3.24" } }, "sha512-IzL8ZoEDIBRWEzlCcRhOaCupYyN5gdIK+Q6fbFdPDg6HqX6jpkItn7DFIpW9LQzXG6Df9sA7+OKnq0qlz/GaQg=="],

    "@jridgewell/resolve-uri": ["@jridgewell/resolve-uri@3.1.2", "", {}, "sha512-bRISgCIjP20/tbWSPWMEi54QVPRZExkuD9lJL+UIxUKtwVJA8wW1Trb1jMs1RFXo1CBTNZ/5hpC9QvmKWdopKw=="],

    "@jridgewell/set-array": ["@jridgewell/set-array@1.2.1", "", {}, "sha512-R8gLRTZeyp03ymzP/6Lil/28tGeGEzhx1q2k703KGWRAI1VdvPIXdG70VJc2pAMw3NA6JKL5hhFu1sJX0Mnn/A=="],

    "@jridgewell/sourcemap-codec": ["@jridgewell/sourcemap-codec@1.5.0", "", {}, "sha512-gv3ZRaISU3fjPAgNsriBRqGWQL6quFx04YMPW/zD8XMLsU32mhCCbfbO6KZFLjvYpCZ8zyDEgqsgf+PwPaM7GQ=="],

    "@jridgewell/trace-mapping": ["@jridgewell/trace-mapping@0.3.25", "", { "dependencies": { "@jridgewell/resolve-uri": "^3.1.0", "@jridgewell/sourcemap-codec": "^1.4.14" } }, "sha512-vNk6aEwybGtawWmy/PzwnGDOjCkLWSD2wqvjGGAgOAwCGWySYXfYoxt00IJkTF+8Lb57DwOb3Aa0o9CApepiYQ=="],

    "@mapbox/geojson-rewind": ["@mapbox/geojson-rewind@0.5.2", "", { "dependencies": { "get-stream": "^6.0.1", "minimist": "^1.2.6" }, "bin": { "geojson-rewind": "geojson-rewind" } }, "sha512-tJaT+RbYGJYStt7wI3cq4Nl4SXxG8W7JDG5DMJu97V25RnbNg3QtQtf+KD+VLjNpWKYsRvXDNmNrBgEETr1ifA=="],

    "@mapbox/jsonlint-lines-primitives": ["@mapbox/jsonlint-lines-primitives@2.0.2", "", {}, "sha512-rY0o9A5ECsTQRVhv7tL/OyDpGAoUB4tTvLiW1DSzQGq4bvTPhNw1VpSNjDJc5GFZ2XuyOtSWSVN05qOtcD71qQ=="],

    "@mapbox/point-geometry": ["@mapbox/point-geometry@0.1.0", "", {}, "sha512-6j56HdLTwWGO0fJPlrZtdU/B13q8Uwmo18Ck2GnGgN9PCFyKTZ3UbXeEdRFh18i9XQ92eH2VdtpJHpBD3aripQ=="],

    "@mapbox/tiny-sdf": ["@mapbox/tiny-sdf@2.0.6", "", {}, "sha512-qMqa27TLw+ZQz5Jk+RcwZGH7BQf5G/TrutJhspsca/3SHwmgKQ1iq+d3Jxz5oysPVYTGP6aXxCo5Lk9Er6YBAA=="],

    "@mapbox/unitbezier": ["@mapbox/unitbezier@0.0.1", "", {}, "sha512-nMkuDXFv60aBr9soUG5q+GvZYL+2KZHVvsqFCzqnkGEf46U2fvmytHaEVc1/YZbiLn8X+eR3QzX1+dwDO1lxlw=="],

    "@mapbox/vector-tile": ["@mapbox/vector-tile@1.3.1", "", { "dependencies": { "@mapbox/point-geometry": "~0.1.0" } }, "sha512-MCEddb8u44/xfQ3oD+Srl/tNcQoqTw3goGk2oLsrFxOTc3dUp+kAnby3PvAeeBYSMSjSPD1nd1AJA6W49WnoUw=="],

    "@mapbox/whoots-js": ["@mapbox/whoots-js@3.1.0", "", {}, "sha512-Es6WcD0nO5l+2BOQS4uLfNPYQaNDfbot3X1XUoloz+x0mPDS3eeORZJl06HXjwBG1fOGwCRnzK88LMdxKRrd6Q=="],

    "@maplibre/maplibre-gl-style-spec": ["@maplibre/maplibre-gl-style-spec@23.1.0", "", { "dependencies": { "@mapbox/jsonlint-lines-primitives": "~2.0.2", "@mapbox/unitbezier": "^0.0.1", "json-stringify-pretty-compact": "^4.0.0", "minimist": "^1.2.8", "quickselect": "^3.0.0", "rw": "^1.3.3", "tinyqueue": "^3.0.0" }, "bin": { "gl-style-format": "dist/gl-style-format.mjs", "gl-style-migrate": "dist/gl-style-migrate.mjs", "gl-style-validate": "dist/gl-style-validate.mjs" } }, "sha512-R6/ihEuC5KRexmKIYkWqUv84Gm+/QwsOUgHyt1yy2XqCdGdLvlBWVWIIeTZWN4NGdwmY6xDzdSGU2R9oBLNg2w=="],

    "@protomaps/basemaps": ["@protomaps/basemaps@5.3.0", "", {}, "sha512-l9TLrmVrduIQTi/MCqVRc0beYmoqM961Yh5LOlMK/A1Wn2S5icR9tkKAhXN10CztA46IVTASXWoBBAt0E7ywhw=="],

    "@rollup/rollup-android-arm-eabi": ["@rollup/rollup-android-arm-eabi@4.40.0", "", { "os": "android", "cpu": "arm" }, "sha512-+Fbls/diZ0RDerhE8kyC6hjADCXA1K4yVNlH0EYfd2XjyH0UGgzaQ8MlT0pCXAThfxv3QUAczHaL+qSv1E4/Cg=="],

    "@rollup/rollup-android-arm64": ["@rollup/rollup-android-arm64@4.40.0", "", { "os": "android", "cpu": "arm64" }, "sha512-PPA6aEEsTPRz+/4xxAmaoWDqh67N7wFbgFUJGMnanCFs0TV99M0M8QhhaSCks+n6EbQoFvLQgYOGXxlMGQe/6w=="],

    "@rollup/rollup-darwin-arm64": ["@rollup/rollup-darwin-arm64@4.40.0", "", { "os": "darwin", "cpu": "arm64" }, "sha512-GwYOcOakYHdfnjjKwqpTGgn5a6cUX7+Ra2HeNj/GdXvO2VJOOXCiYYlRFU4CubFM67EhbmzLOmACKEfvp3J1kQ=="],

    "@rollup/rollup-darwin-x64": ["@rollup/rollup-darwin-x64@4.40.0", "", { "os": "darwin", "cpu": "x64" }, "sha512-CoLEGJ+2eheqD9KBSxmma6ld01czS52Iw0e2qMZNpPDlf7Z9mj8xmMemxEucinev4LgHalDPczMyxzbq+Q+EtA=="],

    "@rollup/rollup-freebsd-arm64": ["@rollup/rollup-freebsd-arm64@4.40.0", "", { "os": "freebsd", "cpu": "arm64" }, "sha512-r7yGiS4HN/kibvESzmrOB/PxKMhPTlz+FcGvoUIKYoTyGd5toHp48g1uZy1o1xQvybwwpqpe010JrcGG2s5nkg=="],

    "@rollup/rollup-freebsd-x64": ["@rollup/rollup-freebsd-x64@4.40.0", "", { "os": "freebsd", "cpu": "x64" }, "sha512-mVDxzlf0oLzV3oZOr0SMJ0lSDd3xC4CmnWJ8Val8isp9jRGl5Dq//LLDSPFrasS7pSm6m5xAcKaw3sHXhBjoRw=="],

    "@rollup/rollup-linux-arm-gnueabihf": ["@rollup/rollup-linux-arm-gnueabihf@4.40.0", "", { "os": "linux", "cpu": "arm" }, "sha512-y/qUMOpJxBMy8xCXD++jeu8t7kzjlOCkoxxajL58G62PJGBZVl/Gwpm7JK9+YvlB701rcQTzjUZ1JgUoPTnoQA=="],

    "@rollup/rollup-linux-arm-musleabihf": ["@rollup/rollup-linux-arm-musleabihf@4.40.0", "", { "os": "linux", "cpu": "arm" }, "sha512-GoCsPibtVdJFPv/BOIvBKO/XmwZLwaNWdyD8TKlXuqp0veo2sHE+A/vpMQ5iSArRUz/uaoj4h5S6Pn0+PdhRjg=="],

    "@rollup/rollup-linux-arm64-gnu": ["@rollup/rollup-linux-arm64-gnu@4.40.0", "", { "os": "linux", "cpu": "arm64" }, "sha512-L5ZLphTjjAD9leJzSLI7rr8fNqJMlGDKlazW2tX4IUF9P7R5TMQPElpH82Q7eNIDQnQlAyiNVfRPfP2vM5Avvg=="],

    "@rollup/rollup-linux-arm64-musl": ["@rollup/rollup-linux-arm64-musl@4.40.0", "", { "os": "linux", "cpu": "arm64" }, "sha512-ATZvCRGCDtv1Y4gpDIXsS+wfFeFuLwVxyUBSLawjgXK2tRE6fnsQEkE4csQQYWlBlsFztRzCnBvWVfcae/1qxQ=="],

    "@rollup/rollup-linux-loongarch64-gnu": ["@rollup/rollup-linux-loongarch64-gnu@4.40.0", "", { "os": "linux", "cpu": "none" }, "sha512-wG9e2XtIhd++QugU5MD9i7OnpaVb08ji3P1y/hNbxrQ3sYEelKJOq1UJ5dXczeo6Hj2rfDEL5GdtkMSVLa/AOg=="],

    "@rollup/rollup-linux-powerpc64le-gnu": ["@rollup/rollup-linux-powerpc64le-gnu@4.40.0", "", { "os": "linux", "cpu": "ppc64" }, "sha512-vgXfWmj0f3jAUvC7TZSU/m/cOE558ILWDzS7jBhiCAFpY2WEBn5jqgbqvmzlMjtp8KlLcBlXVD2mkTSEQE6Ixw=="],

    "@rollup/rollup-linux-riscv64-gnu": ["@rollup/rollup-linux-riscv64-gnu@4.40.0", "", { "os": "linux", "cpu": "none" }, "sha512-uJkYTugqtPZBS3Z136arevt/FsKTF/J9dEMTX/cwR7lsAW4bShzI2R0pJVw+hcBTWF4dxVckYh72Hk3/hWNKvA=="],

    "@rollup/rollup-linux-riscv64-musl": ["@rollup/rollup-linux-riscv64-musl@4.40.0", "", { "os": "linux", "cpu": "none" }, "sha512-rKmSj6EXQRnhSkE22+WvrqOqRtk733x3p5sWpZilhmjnkHkpeCgWsFFo0dGnUGeA+OZjRl3+VYq+HyCOEuwcxQ=="],

    "@rollup/rollup-linux-s390x-gnu": ["@rollup/rollup-linux-s390x-gnu@4.40.0", "", { "os": "linux", "cpu": "s390x" }, "sha512-SpnYlAfKPOoVsQqmTFJ0usx0z84bzGOS9anAC0AZ3rdSo3snecihbhFTlJZ8XMwzqAcodjFU4+/SM311dqE5Sw=="],

    "@rollup/rollup-linux-x64-gnu": ["@rollup/rollup-linux-x64-gnu@4.40.0", "", { "os": "linux", "cpu": "x64" }, "sha512-RcDGMtqF9EFN8i2RYN2W+64CdHruJ5rPqrlYw+cgM3uOVPSsnAQps7cpjXe9be/yDp8UC7VLoCoKC8J3Kn2FkQ=="],

    "@rollup/rollup-linux-x64-musl": ["@rollup/rollup-linux-x64-musl@4.40.0", "", { "os": "linux", "cpu": "x64" }, "sha512-HZvjpiUmSNx5zFgwtQAV1GaGazT2RWvqeDi0hV+AtC8unqqDSsaFjPxfsO6qPtKRRg25SisACWnJ37Yio8ttaw=="],

    "@rollup/rollup-win32-arm64-msvc": ["@rollup/rollup-win32-arm64-msvc@4.40.0", "", { "os": "win32", "cpu": "arm64" }, "sha512-UtZQQI5k/b8d7d3i9AZmA/t+Q4tk3hOC0tMOMSq2GlMYOfxbesxG4mJSeDp0EHs30N9bsfwUvs3zF4v/RzOeTQ=="],

    "@rollup/rollup-win32-ia32-msvc": ["@rollup/rollup-win32-ia32-msvc@4.40.0", "", { "os": "win32", "cpu": "ia32" }, "sha512-+m03kvI2f5syIqHXCZLPVYplP8pQch9JHyXKZ3AGMKlg8dCyr2PKHjwRLiW53LTrN/Nc3EqHOKxUxzoSPdKddA=="],

    "@rollup/rollup-win32-x64-msvc": ["@rollup/rollup-win32-x64-msvc@4.40.0", "", { "os": "win32", "cpu": "x64" }, "sha512-lpPE1cLfP5oPzVjKMx10pgBmKELQnFJXHgvtHCtuJWOv8MxqdEIMNtgHgBFf7Ea2/7EuVwa9fodWUfXAlXZLZQ=="],

    "@types/babel__core": ["@types/babel__core@7.20.5", "", { "dependencies": { "@babel/parser": "^7.20.7", "@babel/types": "^7.20.7", "@types/babel__generator": "*", "@types/babel__template": "*", "@types/babel__traverse": "*" } }, "sha512-qoQprZvz5wQFJwMDqeseRXWv3rqMvhgpbXFfVyWhbx9X47POIA6i/+dXefEmZKoAgOaTdaIgNSMqMIU61yRyzA=="],

    "@types/babel__generator": ["@types/babel__generator@7.6.8", "", { "dependencies": { "@babel/types": "^7.0.0" } }, "sha512-ASsj+tpEDsEiFr1arWrlN6V3mdfjRMZt6LtK/Vp/kreFLnr5QH5+DhvD5nINYZXzwJvXeGq+05iUXcAzVrqWtw=="],

    "@types/babel__template": ["@types/babel__template@7.4.4", "", { "dependencies": { "@babel/parser": "^7.1.0", "@babel/types": "^7.0.0" } }, "sha512-h/NUaSyG5EyxBIp8YRxo4RMe2/qQgvyowRwVMzhYhBCONbW8PUsg4lkFMrhgZhUe5z3L3MiLDuvyJ/CaPa2A8A=="],

    "@types/babel__traverse": ["@types/babel__traverse@7.20.6", "", { "dependencies": { "@babel/types": "^7.20.7" } }, "sha512-r1bzfrm0tomOI8g1SzvCaQHo6Lcv6zu0EA+W2kHrt8dyrHQxGzBBL4kdkzIS+jBMV+EYcMAEAqXqYaLJq5rOZg=="],

    "@types/estree": ["@types/estree@1.0.7", "", {}, "sha512-w28IoSUCJpidD/TGviZwwMJckNESJZXFu7NBZ5YJ4mEUnNraUn9Pm8HSZm/jDF1pDWYKspWE7oVphigUPRakIQ=="],

    "@types/geojson": ["@types/geojson@7946.0.16", "", {}, "sha512-6C8nqWur3j98U6+lXDfTUWIfgvZU+EumvpHKcYjujKH7woYyLj2sUmff0tRhrqM7BohUw7Pz3ZB1jj2gW9Fvmg=="],

    "@types/geojson-vt": ["@types/geojson-vt@3.2.5", "", { "dependencies": { "@types/geojson": "*" } }, "sha512-qDO7wqtprzlpe8FfQ//ClPV9xiuoh2nkIgiouIptON9w5jvD/fA4szvP9GBlDVdJ5dldAl0kX/sy3URbWwLx0g=="],

    "@types/mapbox__point-geometry": ["@types/mapbox__point-geometry@0.1.4", "", {}, "sha512-mUWlSxAmYLfwnRBmgYV86tgYmMIICX4kza8YnE/eIlywGe2XoOxlpVnXWwir92xRLjwyarqwpu2EJKD2pk0IUA=="],

    "@types/mapbox__vector-tile": ["@types/mapbox__vector-tile@1.3.4", "", { "dependencies": { "@types/geojson": "*", "@types/mapbox__point-geometry": "*", "@types/pbf": "*" } }, "sha512-bpd8dRn9pr6xKvuEBQup8pwQfD4VUyqO/2deGjfpe6AwC8YRlyEipvefyRJUSiCJTZuCb8Pl1ciVV5ekqJ96Bg=="],

    "@types/pbf": ["@types/pbf@3.0.5", "", {}, "sha512-j3pOPiEcWZ34R6a6mN07mUkM4o4Lwf6hPNt8eilOeZhTFbxFXmKhvXl9Y28jotFPaI1bpPDJsbCprUoNke6OrA=="],

    "@types/supercluster": ["@types/supercluster@7.1.3", "", { "dependencies": { "@types/geojson": "*" } }, "sha512-Z0pOY34GDFl3Q6hUFYf3HkTwKEE02e7QgtJppBt+beEAxnyOpJua+voGFvxINBHa06GwLFFym7gRPY2SiKIfIA=="],

    "babel-plugin-jsx-dom-expressions": ["babel-plugin-jsx-dom-expressions@0.39.3", "", { "dependencies": { "@babel/helper-module-imports": "7.18.6", "@babel/plugin-syntax-jsx": "^7.18.6", "@babel/types": "^7.20.7", "html-entities": "2.3.3", "parse5": "^7.1.2", "validate-html-nesting": "^1.2.1" }, "peerDependencies": { "@babel/core": "^7.20.12" } }, "sha512-6RzmSu21zYPlV2gNwzjGG9FgODtt9hIWnx7L//OIioIEuRcnpDZoY8Tr+I81Cy1SrH4qoDyKpwHHo6uAMAeyPA=="],

    "babel-preset-solid": ["babel-preset-solid@1.9.3", "", { "dependencies": { "babel-plugin-jsx-dom-expressions": "^0.39.3" }, "peerDependencies": { "@babel/core": "^7.0.0" } }, "sha512-jvlx5wDp8s+bEF9sGFw/84SInXOA51ttkUEroQziKMbxplXThVKt83qB6bDTa1HuLNatdU9FHpFOiQWs1tLQIg=="],

    "browserslist": ["browserslist@4.24.2", "", { "dependencies": { "caniuse-lite": "^1.0.30001669", "electron-to-chromium": "^1.5.41", "node-releases": "^2.0.18", "update-browserslist-db": "^1.1.1" }, "bin": "cli.js" }, "sha512-ZIc+Q62revdMcqC6aChtW4jz3My3klmCO1fEmINZY/8J3EpBg5/A/D0AKmBveUh6pgoeycoMkVMko84tuYS+Gg=="],

    "caniuse-lite": ["caniuse-lite@1.0.30001680", "", {}, "sha512-rPQy70G6AGUMnbwS1z6Xg+RkHYPAi18ihs47GH0jcxIG7wArmPgY3XbS2sRdBbxJljp3thdT8BIqv9ccCypiPA=="],

    "convert-source-map": ["convert-source-map@2.0.0", "", {}, "sha512-Kvp459HrV2FEJ1CAsi1Ku+MY3kasH19TFykTz2xWmMeq6bk2NU3XXvfJ+Q61m0xktWwt+1HSYf3JZsTms3aRJg=="],

    "csstype": ["csstype@3.1.3", "", {}, "sha512-M1uQkMl8rQK/szD0LNhtqxIPLpimGm8sOBwU7lLnCpSbTyY3yeU1Vc7l4KT5zT4s/yOxHH5O7tIuuLOCnLADRw=="],

    "debug": ["debug@4.3.7", "", { "dependencies": { "ms": "^2.1.3" } }, "sha512-Er2nc/H7RrMXZBFCEim6TCmMk02Z8vLC2Rbi1KEBggpo0fS6l0S1nnapwmIi3yW/+GOJap1Krg4w0Hg80oCqgQ=="],

    "earcut": ["earcut@3.0.1", "", {}, "sha512-0l1/0gOjESMeQyYaK5IDiPNvFeu93Z/cO0TjZh9eZ1vyCtZnA7KMZ8rQggpsJHIbGSdrqYq9OhuveadOVHCshw=="],

    "electron-to-chromium": ["electron-to-chromium@1.5.60", "", {}, "sha512-HcraRUkTKJ+8yA3b10i9qvhUlPBRDlKjn1XGek1zDGVfAKcvi8TsUnImGqLiEm9j6ZulxXIWWIo9BmbkbCTGgA=="],

    "entities": ["entities@4.5.0", "", {}, "sha512-V0hjH4dGPh9Ao5p0MoRY6BVqtwCjhz6vI5LT8AJ55H+4g9/4vbHx1I54fS0XuclLhDHArPQCiMjDxjaL8fPxhw=="],

    "esbuild": ["esbuild@0.25.3", "", { "optionalDependencies": { "@esbuild/aix-ppc64": "0.25.3", "@esbuild/android-arm": "0.25.3", "@esbuild/android-arm64": "0.25.3", "@esbuild/android-x64": "0.25.3", "@esbuild/darwin-arm64": "0.25.3", "@esbuild/darwin-x64": "0.25.3", "@esbuild/freebsd-arm64": "0.25.3", "@esbuild/freebsd-x64": "0.25.3", "@esbuild/linux-arm": "0.25.3", "@esbuild/linux-arm64": "0.25.3", "@esbuild/linux-ia32": "0.25.3", "@esbuild/linux-loong64": "0.25.3", "@esbuild/linux-mips64el": "0.25.3", "@esbuild/linux-ppc64": "0.25.3", "@esbuild/linux-riscv64": "0.25.3", "@esbuild/linux-s390x": "0.25.3", "@esbuild/linux-x64": "0.25.3", "@esbuild/netbsd-arm64": "0.25.3", "@esbuild/netbsd-x64": "0.25.3", "@esbuild/openbsd-arm64": "0.25.3", "@esbuild/openbsd-x64": "0.25.3", "@esbuild/sunos-x64": "0.25.3", "@esbuild/win32-arm64": "0.25.3", "@esbuild/win32-ia32": "0.25.3", "@esbuild/win32-x64": "0.25.3" }, "bin": { "esbuild": "bin/esbuild" } }, "sha512-qKA6Pvai73+M2FtftpNKRxJ78GIjmFXFxd/1DVBqGo/qNhLSfv+G12n9pNoWdytJC8U00TrViOwpjT0zgqQS8Q=="],

    "escalade": ["escalade@3.2.0", "", {}, "sha512-WUj2qlxaQtO4g6Pq5c29GTcWGDyd8itL8zTlipgECz3JesAiiOKotd8JU6otB3PACgG6xkJUyVhboMS+bje/jA=="],

    "fdir": ["fdir@6.4.4", "", { "peerDependencies": { "picomatch": "^3 || ^4" }, "optionalPeers": ["picomatch"] }, "sha512-1NZP+GK4GfuAv3PqKvxQRDMjdSRZjnkq7KfhlNrCNNlZ0ygQFpebfrnfnq/W7fpUnAv9aGWmY1zKx7FYL3gwhg=="],

    "fsevents": ["fsevents@2.3.3", "", { "os": "darwin" }, "sha512-5xoDfX+fL7faATnagmWPpbFtwh/R77WmMMqqHGS65C3vvB0YHrgF+B1YmZ3441tMj5n63k0212XNoJwzlhffQw=="],

    "gensync": ["gensync@1.0.0-beta.2", "", {}, "sha512-3hN7NaskYvMDLQY55gnW3NQ+mesEAepTqlg+VEbj7zzqEMBVNhzcGYYeqFo/TlYz6eQiFcp1HcsCZO+nGgS8zg=="],

    "geojson-vt": ["geojson-vt@4.0.2", "", {}, "sha512-AV9ROqlNqoZEIJGfm1ncNjEXfkz2hdFlZf0qkVfmkwdKa8vj7H16YUOT81rJw1rdFhyEDlN2Tds91p/glzbl5A=="],

    "get-stream": ["get-stream@6.0.1", "", {}, "sha512-ts6Wi+2j3jQjqi70w5AlN8DFnkSwC+MqmxEzdEALB2qXZYV3X/b1CTfgPLGJNMeAWxdPfU8FO1ms3NUfaHCPYg=="],

    "gl-matrix": ["gl-matrix@3.4.3", "", {}, "sha512-wcCp8vu8FT22BnvKVPjXa/ICBWRq/zjFfdofZy1WSpQZpphblv12/bOQLBC1rMM7SGOFS9ltVmKOHil5+Ml7gA=="],

    "global-prefix": ["global-prefix@4.0.0", "", { "dependencies": { "ini": "^4.1.3", "kind-of": "^6.0.3", "which": "^4.0.0" } }, "sha512-w0Uf9Y9/nyHinEk5vMJKRie+wa4kR5hmDbEhGGds/kG1PwGLLHKRoNMeJOyCQjjBkANlnScqgzcFwGHgmgLkVA=="],

    "globals": ["globals@11.12.0", "", {}, "sha512-WOBp/EEGUiIsJSp7wcv/y6MO+lV9UoncWqxuFfm8eBwzWNgyfBd6Gz+IeKQ9jCmyhoH99g15M3T+QaVHFjizVA=="],

    "html-entities": ["html-entities@2.3.3", "", {}, "sha512-DV5Ln36z34NNTDgnz0EWGBLZENelNAtkiFA4kyNOG2tDI6Mz1uSWiq1wAKdyjnJwyDiDO7Fa2SO1CTxPXL8VxA=="],

    "ieee754": ["ieee754@1.2.1", "", {}, "sha512-dcyqhDvX1C46lXZcVqCpK+FtMRQVdIMN6/Df5js2zouUsqG7I6sFxitIC+7KYK29KdXOLHdu9zL4sFnoVQnqaA=="],

    "ini": ["ini@4.1.3", "", {}, "sha512-X7rqawQBvfdjS10YU1y1YVreA3SsLrW9dX2CewP2EbBJM4ypVNLDkO5y04gejPwKIY9lR+7r9gn3rFPt/kmWFg=="],

    "is-what": ["is-what@4.1.16", "", {}, "sha512-ZhMwEosbFJkA0YhFnNDgTM4ZxDRsS6HqTo7qsZM08fehyRYIYa0yHu5R6mgo1n/8MgaPBXiPimPD77baVFYg+A=="],

    "isexe": ["isexe@3.1.1", "", {}, "sha512-LpB/54B+/2J5hqQ7imZHfdU31OlgQqx7ZicVlkm9kzg9/w8GKLEcFfJl/t7DCEDueOyBAD6zCCwTO6Fzs0NoEQ=="],

    "js-tokens": ["js-tokens@4.0.0", "", {}, "sha512-RdJUflcE3cUzKiMqQgsCu06FPu9UdIJO0beYbPhHN4k6apgJtifcoCtT9bcxOpYBtpD2kCM6Sbzg4CausW/PKQ=="],

    "jsesc": ["jsesc@3.0.2", "", { "bin": "bin/jsesc" }, "sha512-xKqzzWXDttJuOcawBt4KnKHHIf5oQ/Cxax+0PWFG+DFDgHNAdi+TXECADI+RYiFUMmx8792xsMbbgXj4CwnP4g=="],

    "json-stringify-pretty-compact": ["json-stringify-pretty-compact@4.0.0", "", {}, "sha512-3CNZ2DnrpByG9Nqj6Xo8vqbjT4F6N+tb4Gb28ESAZjYZ5yqvmc56J+/kuIwkaAMOyblTQhUW7PxMkUb8Q36N3Q=="],

    "json5": ["json5@2.2.3", "", { "bin": "lib/cli.js" }, "sha512-XmOWe7eyHYH14cLdVPoyg+GOH3rYX++KpzrylJwSW98t3Nk+U8XOl8FWKOgwtzdb8lXGf6zYwDUzeHMWfxasyg=="],

    "kdbush": ["kdbush@4.0.2", "", {}, "sha512-WbCVYJ27Sz8zi9Q7Q0xHC+05iwkm3Znipc2XTlrnJbsHMYktW4hPhXUE8Ys1engBrvffoSCqbil1JQAa7clRpA=="],

    "kind-of": ["kind-of@6.0.3", "", {}, "sha512-dcS1ul+9tmeD95T+x28/ehLgd9mENa3LsvDTtzm3vyBEO7RPptvAD+t44WVXaUjTBRcrpFeFlC8WCruUR456hw=="],

    "lru-cache": ["lru-cache@5.1.1", "", { "dependencies": { "yallist": "^3.0.2" } }, "sha512-KpNARQA3Iwv+jTA0utUVVbrh+Jlrr1Fv0e56GGzAFOXN7dk/FviaDW8LHmK52DlcH4WP2n6gI8vN1aesBFgo9w=="],

    "maplibre-gl": ["maplibre-gl@5.4.0", "", { "dependencies": { "@mapbox/geojson-rewind": "^0.5.2", "@mapbox/jsonlint-lines-primitives": "^2.0.2", "@mapbox/point-geometry": "^0.1.0", "@mapbox/tiny-sdf": "^2.0.6", "@mapbox/unitbezier": "^0.0.1", "@mapbox/vector-tile": "^1.3.1", "@mapbox/whoots-js": "^3.1.0", "@maplibre/maplibre-gl-style-spec": "^23.1.0", "@types/geojson": "^7946.0.16", "@types/geojson-vt": "3.2.5", "@types/mapbox__point-geometry": "^0.1.4", "@types/mapbox__vector-tile": "^1.3.4", "@types/pbf": "^3.0.5", "@types/supercluster": "^7.1.3", "earcut": "^3.0.1", "geojson-vt": "^4.0.2", "gl-matrix": "^3.4.3", "global-prefix": "^4.0.0", "kdbush": "^4.0.2", "murmurhash-js": "^1.0.0", "pbf": "^3.3.0", "potpack": "^2.0.0", "quickselect": "^3.0.0", "supercluster": "^8.0.1", "tinyqueue": "^3.0.0", "vt-pbf": "^3.1.3" } }, "sha512-ZVrtdFIhFAqt53H2k5Ssqn7QIKNI19fW+He5tr4loxZxWZffp1aZYY9ImNncAJaALU/NYlV6Eul7UVB56/N7WQ=="],

    "merge-anything": ["merge-anything@5.1.7", "", { "dependencies": { "is-what": "^4.1.8" } }, "sha512-eRtbOb1N5iyH0tkQDAoQ4Ipsp/5qSR79Dzrz8hEPxRX10RWWR/iQXdoKmBSRCThY1Fh5EhISDtpSc93fpxUniQ=="],

    "minimist": ["minimist@1.2.8", "", {}, "sha512-2yyAR8qBkN3YuheJanUpWC5U3bb5osDywNB8RzDVlDwDHbocAJveqqj1u8+SVD7jkWT4yvsHCpWqqWqAxb0zCA=="],

    "ms": ["ms@2.1.3", "", {}, "sha512-6FlzubTLZG3J2a/NVCAleEhjzq5oxgHyaCU9yYXvcLsvoVaHJq/s5xXI6/XXP6tz7R9xAOtHnSO/tXtF3WRTlA=="],

    "murmurhash-js": ["murmurhash-js@1.0.0", "", {}, "sha512-TvmkNhkv8yct0SVBSy+o8wYzXjE4Zz3PCesbfs8HiCXXdcTuocApFv11UWlNFWKYsP2okqrhb7JNlSm9InBhIw=="],

    "nanoid": ["nanoid@3.3.11", "", { "bin": { "nanoid": "bin/nanoid.cjs" } }, "sha512-N8SpfPUnUp1bK+PMYW8qSWdl9U+wwNWI4QKxOYDy9JAro3WMX7p2OeVRF9v+347pnakNevPmiHhNmZ2HbFA76w=="],

    "node-releases": ["node-releases@2.0.18", "", {}, "sha512-d9VeXT4SJ7ZeOqGX6R5EM022wpL+eWPooLI+5UpWn2jCT1aosUQEhQP214x33Wkwx3JQMvIm+tIoVOdodFS40g=="],

    "parse5": ["parse5@7.2.1", "", { "dependencies": { "entities": "^4.5.0" } }, "sha512-BuBYQYlv1ckiPdQi/ohiivi9Sagc9JG+Ozs0r7b/0iK3sKmrb0b9FdWdBbOdx6hBCM/F9Ir82ofnBhtZOjCRPQ=="],

    "pbf": ["pbf@3.3.0", "", { "dependencies": { "ieee754": "^1.1.12", "resolve-protobuf-schema": "^2.1.0" }, "bin": "bin/pbf" }, "sha512-XDF38WCH3z5OV/OVa8GKUNtLAyneuzbCisx7QUCF8Q6Nutx0WnJrQe5O+kOtBlLfRNUws98Y58Lblp+NJG5T4Q=="],

    "picocolors": ["picocolors@1.1.1", "", {}, "sha512-xceH2snhtb5M9liqDsmEw56le376mTZkEX/jEb/RxNFyegNul7eNslCXP9FDj/Lcu0X8KEyMceP2ntpaHrDEVA=="],

    "picomatch": ["picomatch@4.0.2", "", {}, "sha512-M7BAV6Rlcy5u+m6oPhAPFgJTzAioX/6B0DxyvDlo9l8+T3nLKbrczg2WLUyzd45L8RqfUMyGPzekbMvX2Ldkwg=="],

    "postcss": ["postcss@8.5.3", "", { "dependencies": { "nanoid": "^3.3.8", "picocolors": "^1.1.1", "source-map-js": "^1.2.1" } }, "sha512-dle9A3yYxlBSrt8Fu+IpjGT8SY8hN0mlaA6GY8t0P5PjIOZemULz/E2Bnm/2dcUOena75OTNkHI76uZBNUUq3A=="],

    "potpack": ["potpack@2.0.0", "", {}, "sha512-Q+/tYsFU9r7xoOJ+y/ZTtdVQwTWfzjbiXBDMM/JKUux3+QPP02iUuIoeBQ+Ot6oEDlC+/PGjB/5A3K7KKb7hcw=="],

    "protocol-buffers-schema": ["protocol-buffers-schema@3.6.0", "", {}, "sha512-TdDRD+/QNdrCGCE7v8340QyuXd4kIWIgapsE2+n/SaGiSSbomYl4TjHlvIoCWRpE7wFt02EpB35VVA2ImcBVqw=="],

    "quickselect": ["quickselect@3.0.0", "", {}, "sha512-XdjUArbK4Bm5fLLvlm5KpTFOiOThgfWWI4axAZDWg4E/0mKdZyI9tNEfds27qCi1ze/vwTR16kvmmGhRra3c2g=="],

    "resolve-protobuf-schema": ["resolve-protobuf-schema@2.1.0", "", { "dependencies": { "protocol-buffers-schema": "^3.3.1" } }, "sha512-kI5ffTiZWmJaS/huM8wZfEMer1eRd7oJQhDuxeCLe3t7N7mX3z94CN0xPxBQxFYQTSNz9T0i+v6inKqSdK8xrQ=="],

    "rollup": ["rollup@4.40.0", "", { "dependencies": { "@types/estree": "1.0.7" }, "optionalDependencies": { "@rollup/rollup-android-arm-eabi": "4.40.0", "@rollup/rollup-android-arm64": "4.40.0", "@rollup/rollup-darwin-arm64": "4.40.0", "@rollup/rollup-darwin-x64": "4.40.0", "@rollup/rollup-freebsd-arm64": "4.40.0", "@rollup/rollup-freebsd-x64": "4.40.0", "@rollup/rollup-linux-arm-gnueabihf": "4.40.0", "@rollup/rollup-linux-arm-musleabihf": "4.40.0", "@rollup/rollup-linux-arm64-gnu": "4.40.0", "@rollup/rollup-linux-arm64-musl": "4.40.0", "@rollup/rollup-linux-loongarch64-gnu": "4.40.0", "@rollup/rollup-linux-powerpc64le-gnu": "4.40.0", "@rollup/rollup-linux-riscv64-gnu": "4.40.0", "@rollup/rollup-linux-riscv64-musl": "4.40.0", "@rollup/rollup-linux-s390x-gnu": "4.40.0", "@rollup/rollup-linux-x64-gnu": "4.40.0", "@rollup/rollup-linux-x64-musl": "4.40.0", "@rollup/rollup-win32-arm64-msvc": "4.40.0", "@rollup/rollup-win32-ia32-msvc": "4.40.0", "@rollup/rollup-win32-x64-msvc": "4.40.0", "fsevents": "~2.3.2" }, "bin": { "rollup": "dist/bin/rollup" } }, "sha512-Noe455xmA96nnqH5piFtLobsGbCij7Tu+tb3c1vYjNbTkfzGqXqQXG3wJaYXkRZuQ0vEYN4bhwg7QnIrqB5B+w=="],

    "rw": ["rw@1.3.3", "", {}, "sha512-PdhdWy89SiZogBLaw42zdeqtRJ//zFd2PgQavcICDUgJT5oW10QCRKbJ6bg4r0/UY2M6BWd5tkxuGFRvCkgfHQ=="],

    "semver": ["semver@6.3.1", "", { "bin": "bin/semver.js" }, "sha512-BR7VvDCVHO+q2xBEWskxS6DJE1qRnb7DxzUrogb71CWoSficBxYsiAGd+Kl0mmq/MprG9yArRkyrQxTO6XjMzA=="],

    "seroval": ["seroval@1.1.1", "", {}, "sha512-rqEO6FZk8mv7Hyv4UCj3FD3b6Waqft605TLfsCe/BiaylRpyyMC0b+uA5TJKawX3KzMrdi3wsLbCaLplrQmBvQ=="],

    "seroval-plugins": ["seroval-plugins@1.1.1", "", { "peerDependencies": { "seroval": "^1.0" } }, "sha512-qNSy1+nUj7hsCOon7AO4wdAIo9P0jrzAMp18XhiOzA6/uO5TKtP7ScozVJ8T293oRIvi5wyCHSM4TrJo/c/GJA=="],

    "solid-js": ["solid-js@1.9.5", "", { "dependencies": { "csstype": "^3.1.0", "seroval": "^1.1.0", "seroval-plugins": "^1.1.0" } }, "sha512-ogI3DaFcyn6UhYhrgcyRAMbu/buBJitYQASZz5WzfQVPP10RD2AbCoRZ517psnezrasyCbWzIxZ6kVqet768xw=="],

    "solid-refresh": ["solid-refresh@0.6.3", "", { "dependencies": { "@babel/generator": "^7.23.6", "@babel/helper-module-imports": "^7.22.15", "@babel/types": "^7.23.6" }, "peerDependencies": { "solid-js": "^1.3" } }, "sha512-F3aPsX6hVw9ttm5LYlth8Q15x6MlI/J3Dn+o3EQyRTtTxidepSTwAYdozt01/YA+7ObcciagGEyXIopGZzQtbA=="],

    "source-map-js": ["source-map-js@1.2.1", "", {}, "sha512-UXWMKhLOwVKb728IUtQPXxfYU+usdybtUrK/8uGE8CQMvrhOpwvzDBwj0QhSL7MQc7vIsISBG8VQ8+IDQxpfQA=="],

    "supercluster": ["supercluster@8.0.1", "", { "dependencies": { "kdbush": "^4.0.2" } }, "sha512-IiOea5kJ9iqzD2t7QJq/cREyLHTtSmUT6gQsweojg9WH2sYJqZK9SswTu6jrscO6D1G5v5vYZ9ru/eq85lXeZQ=="],

    "tinyglobby": ["tinyglobby@0.2.13", "", { "dependencies": { "fdir": "^6.4.4", "picomatch": "^4.0.2" } }, "sha512-mEwzpUgrLySlveBwEVDMKk5B57bhLPYovRfPAXD5gA/98Opn0rCDj3GtLwFvCvH5RK9uPCExUROW5NjDwvqkxw=="],

    "tinyqueue": ["tinyqueue@3.0.0", "", {}, "sha512-gRa9gwYU3ECmQYv3lslts5hxuIa90veaEcxDYuu3QGOIAEM2mOZkVHp48ANJuu1CURtRdHKUBY5Lm1tHV+sD4g=="],

    "typescript": ["typescript@5.8.3", "", { "bin": { "tsc": "bin/tsc", "tsserver": "bin/tsserver" } }, "sha512-p1diW6TqL9L07nNxvRMM7hMMw4c5XOo/1ibL4aAIGmSAt9slTE1Xgw5KWuof2uTOvCg9BY7ZRi+GaF+7sfgPeQ=="],

    "update-browserslist-db": ["update-browserslist-db@1.1.1", "", { "dependencies": { "escalade": "^3.2.0", "picocolors": "^1.1.0" }, "peerDependencies": { "browserslist": ">= 4.21.0" }, "bin": "cli.js" }, "sha512-R8UzCaa9Az+38REPiJ1tXlImTJXlVfgHZsglwBD/k6nj76ctsH1E3q4doGrukiLQd3sGQYu56r5+lo5r94l29A=="],

    "validate-html-nesting": ["validate-html-nesting@1.2.2", "", {}, "sha512-hGdgQozCsQJMyfK5urgFcWEqsSSrK63Awe0t/IMR0bZ0QMtnuaiHzThW81guu3qx9abLi99NEuiaN6P9gVYsNg=="],

    "vite": ["vite@6.3.3", "", { "dependencies": { "esbuild": "^0.25.0", "fdir": "^6.4.4", "picomatch": "^4.0.2", "postcss": "^8.5.3", "rollup": "^4.34.9", "tinyglobby": "^0.2.13" }, "optionalDependencies": { "fsevents": "~2.3.3" }, "peerDependencies": { "@types/node": "^18.0.0 || ^20.0.0 || >=22.0.0", "jiti": ">=1.21.0", "less": "*", "lightningcss": "^1.21.0", "sass": "*", "sass-embedded": "*", "stylus": "*", "sugarss": "*", "terser": "^5.16.0", "tsx": "^4.8.1", "yaml": "^2.4.2" }, "optionalPeers": ["@types/node", "jiti", "less", "lightningcss", "sass", "sass-embedded", "stylus", "sugarss", "terser", "tsx", "yaml"], "bin": { "vite": "bin/vite.js" } }, "sha512-5nXH+QsELbFKhsEfWLkHrvgRpTdGJzqOZ+utSdmPTvwHmvU6ITTm3xx+mRusihkcI8GeC7lCDyn3kDtiki9scw=="],

    "vite-plugin-solid": ["vite-plugin-solid@2.11.6", "", { "dependencies": { "@babel/core": "^7.23.3", "@types/babel__core": "^7.20.4", "babel-preset-solid": "^1.8.4", "merge-anything": "^5.1.7", "solid-refresh": "^0.6.3", "vitefu": "^1.0.4" }, "peerDependencies": { "@testing-library/jest-dom": "^5.16.6 || ^5.17.0 || ^6.*", "solid-js": "^1.7.2", "vite": "^3.0.0 || ^4.0.0 || ^5.0.0 || ^6.0.0" }, "optionalPeers": ["@testing-library/jest-dom"] }, "sha512-Sl5CTqJTGyEeOsmdH6BOgalIZlwH3t4/y0RQuFLMGnvWMBvxb4+lq7x3BSiAw6etf0QexfNJW7HSOO/Qf7pigg=="],

    "vitefu": ["vitefu@1.0.6", "", { "peerDependencies": { "vite": "^3.0.0 || ^4.0.0 || ^5.0.0 || ^6.0.0" }, "optionalPeers": ["vite"] }, "sha512-+Rex1GlappUyNN6UfwbVZne/9cYC4+R2XDk9xkNXBKMw6HQagdX9PgZ8V2v1WUSK1wfBLp7qbI1+XSNIlB1xmA=="],

    "vt-pbf": ["vt-pbf@3.1.3", "", { "dependencies": { "@mapbox/point-geometry": "0.1.0", "@mapbox/vector-tile": "^1.3.1", "pbf": "^3.2.1" } }, "sha512-2LzDFzt0mZKZ9IpVF2r69G9bXaP2Q2sArJCmcCgvfTdCCZzSyz4aCLoQyUilu37Ll56tCblIZrXFIjNUpGIlmA=="],

    "which": ["which@4.0.0", "", { "dependencies": { "isexe": "^3.1.1" }, "bin": { "node-which": "bin/which.js" } }, "sha512-GlaYyEb07DPxYCKhKzplCWBJtvxZcZMrL+4UkrTSJHHPyZU4mYYTv3qaOe77H7EODLSSopAUFAc6W8U4yqvscg=="],

    "yallist": ["yallist@3.1.1", "", {}, "sha512-a4UGQaWPH59mOXUYnAG2ewncQS4i4F43Tv3JoAM+s2VDAmS9NsK8GpDMLrCHPksFT7h3K6TOoUNn2pb7RoXx4g=="],

    "babel-plugin-jsx-dom-expressions/@babel/helper-module-imports": ["@babel/helper-module-imports@7.18.6", "", { "dependencies": { "@babel/types": "^7.18.6" } }, "sha512-0NFvs3VkuSYbFi1x2Vd6tKrywq+z/cLeYC/RJNFrIX/30Bf5aiGYbtvGXolEktzJH8o5E5KJ3tT+nkxuuZFVlA=="],
  }
}
